
Microsoft Visual Studio Solution File, Format Version 12.00
# Visual Studio 2013
VisualStudioVersion = 12.0.31101.0
MinimumVisualStudioVersion = 10.0.40219.1
Project("{9092AA53-FB77-4645-B42D-1CCCA6BD08BD}") = "PinkProton.Playground.Web", "PinkProton.Playground.Web\PinkProton.Playground.Web.njsproj", "{D4A7B682-B4B0-438C-9E31-A1F97384F31D}"
EndProject
Global
	GlobalSection(SolutionConfigurationPlatforms) = preSolution
		Debug|Any CPU = Debug|Any CPU
		Release|Any CPU = Release|Any CPU
	EndGlobalSection
	GlobalSection(ProjectConfigurationPlatforms) = postSolution
		{D4A7B682-B4B0-438C-9E31-A1F97384F31D}.Debug|Any CPU.ActiveCfg = Debug|Any CPU
		{D4A7B682-B4B0-438C-9E31-A1F97384F31D}.Debug|Any CPU.Build.0 = Debug|Any CPU
		{D4A7B682-B4B0-438C-9E31-A1F97384F31D}.Release|Any CPU.ActiveCfg = Release|Any CPU
		{D4A7B682-B4B0-438C-9E31-A1F97384F31D}.Release|Any CPU.Build.0 = Release|Any CPU
	EndGlobalSection
	GlobalSection(SolutionProperties) = preSolution
		HideSolutionNode = FALSE
	EndGlobalSection
EndGlobal
